# This file is automatically @generated by Cargo.
# It is not intended for manual editing.
version = 3

[[package]]
name = "MonogramRustProgram"
version = "0.1.0"
dependencies = [
 "indexed_string",
]

[[package]]
name = "indexed_string"
version = "0.1.0"
source = "registry+https://github.com/rust-lang/crates.io-index"
checksum = "e14068693e4d4f9c0ab8186f3ecf92f2481847c6569b941a3f826ca410cda059"
